// !$*UTF8*$!
{
	archiveVersion = 1;
	classes = {
	};
	objectVersion = 50;
	objects = {

/* Begin PBXBuildFile section */
		16477A2122218BCF00CB1087 /* parkwayLogoDark.png in Resources */ = {isa = PBXBuildFile; fileRef = 16477A2022218BCF00CB1087 /* parkwayLogoDark.png */; };
		16477A2522232D3E00CB1087 /* AuthViewController.swift in Sources */ = {isa = PBXBuildFile; fileRef = 16477A2422232D3E00CB1087 /* AuthViewController.swift */; };
		1675677A2224E8E1006A0448 /* .gitignore in Resources */ = {isa = PBXBuildFile; fileRef = 167567762224E8CC006A0448 /* .gitignore */; };
		1675677B2224E8E1006A0448 /* Fastfile in Resources */ = {isa = PBXBuildFile; fileRef = 167567772224E8CC006A0448 /* Fastfile */; };
		1675677C2224E8E1006A0448 /* Appfile in Resources */ = {isa = PBXBuildFile; fileRef = 167567782224E8CC006A0448 /* Appfile */; };
		167812B9222F32C900BD1DCB /* FBEvent.swift in Sources */ = {isa = PBXBuildFile; fileRef = 167812B8222F32C900BD1DCB /* FBEvent.swift */; };
		167CE3072201292B00E1B470 /* AppDelegate.swift in Sources */ = {isa = PBXBuildFile; fileRef = 167CE3062201292B00E1B470 /* AppDelegate.swift */; };
		167CE3092201292B00E1B470 /* ViewController.swift in Sources */ = {isa = PBXBuildFile; fileRef = 167CE3082201292B00E1B470 /* ViewController.swift */; };
		167CE30C2201292B00E1B470 /* Main.storyboard in Resources */ = {isa = PBXBuildFile; fileRef = 167CE30A2201292B00E1B470 /* Main.storyboard */; };
		167CE30E2201292D00E1B470 /* Assets.xcassets in Resources */ = {isa = PBXBuildFile; fileRef = 167CE30D2201292D00E1B470 /* Assets.xcassets */; };
		167CE3112201292D00E1B470 /* LaunchScreen.storyboard in Resources */ = {isa = PBXBuildFile; fileRef = 167CE30F2201292D00E1B470 /* LaunchScreen.storyboard */; };
		167CE31B2201320900E1B470 /* WelcomeViewController.swift in Sources */ = {isa = PBXBuildFile; fileRef = 167CE31A2201320900E1B470 /* WelcomeViewController.swift */; };
		167CE31D2201324100E1B470 /* LoginViewController.swift in Sources */ = {isa = PBXBuildFile; fileRef = 167CE31C2201324100E1B470 /* LoginViewController.swift */; };
		167CE31F2201328000E1B470 /* RegisterViewController.swift in Sources */ = {isa = PBXBuildFile; fileRef = 167CE31E2201328000E1B470 /* RegisterViewController.swift */; };
		167CE321220135B900E1B470 /* GoogleService-Info.plist in Resources */ = {isa = PBXBuildFile; fileRef = 167CE320220135B900E1B470 /* GoogleService-Info.plist */; };
		167CE329220638F700E1B470 /* ExploreViewController.swift in Sources */ = {isa = PBXBuildFile; fileRef = 167CE328220638F700E1B470 /* ExploreViewController.swift */; };
		167CE32B220640B900E1B470 /* DefaultKeys.swift in Sources */ = {isa = PBXBuildFile; fileRef = 167CE32A220640B900E1B470 /* DefaultKeys.swift */; };
		167CE32E22076B6600E1B470 /* ExploreTableViewCell.swift in Sources */ = {isa = PBXBuildFile; fileRef = 167CE32C22076B6600E1B470 /* ExploreTableViewCell.swift */; };
		167CE32F22076B6600E1B470 /* ExploreTableViewCell.xib in Resources */ = {isa = PBXBuildFile; fileRef = 167CE32D22076B6600E1B470 /* ExploreTableViewCell.xib */; };
		167CE33222077D7B00E1B470 /* Venue.swift in Sources */ = {isa = PBXBuildFile; fileRef = 167CE33122077D7B00E1B470 /* Venue.swift */; };
		1695A04722336BEC00418E5C /* EventDetailViewController.swift in Sources */ = {isa = PBXBuildFile; fileRef = 1695A04622336BEC00418E5C /* EventDetailViewController.swift */; };
		1695A04C2235842E00418E5C /* filterIcon_barButton.png in Resources */ = {isa = PBXBuildFile; fileRef = 1695A04B2235842E00418E5C /* filterIcon_barButton.png */; };
		16AFBB46221854AF00FE9CD0 /* livePhillyLogo.png in Resources */ = {isa = PBXBuildFile; fileRef = 16AFBB45221854AF00FE9CD0 /* livePhillyLogo.png */; };
		16AFBB4A221B06AA00FE9CD0 /* EventListViewController.swift in Sources */ = {isa = PBXBuildFile; fileRef = 16AFBB49221B06AA00FE9CD0 /* EventListViewController.swift */; };
		16AFBB4D221B0B0200FE9CD0 /* EventTableViewCell.swift in Sources */ = {isa = PBXBuildFile; fileRef = 16AFBB4B221B0B0200FE9CD0 /* EventTableViewCell.swift */; };
		16AFBB4E221B0B0200FE9CD0 /* EventTableViewCell.xib in Resources */ = {isa = PBXBuildFile; fileRef = 16AFBB4C221B0B0200FE9CD0 /* EventTableViewCell.xib */; };
		91C351218103518F883F4EB1 /* Pods_LivePhillyiOS.framework in Frameworks */ = {isa = PBXBuildFile; fileRef = 107E28F08C3E534A13B5C148 /* Pods_LivePhillyiOS.framework */; };
/* End PBXBuildFile section */

/* Begin PBXFileReference section */
		107E28F08C3E534A13B5C148 /* Pods_LivePhillyiOS.framework */ = {isa = PBXFileReference; explicitFileType = wrapper.framework; includeInIndex = 0; path = Pods_LivePhillyiOS.framework; sourceTree = BUILT_PRODUCTS_DIR; };
		16477A2022218BCF00CB1087 /* parkwayLogoDark.png */ = {isa = PBXFileReference; lastKnownFileType = image.png; path = parkwayLogoDark.png; sourceTree = "<group>"; };
		16477A2422232D3E00CB1087 /* AuthViewController.swift */ = {isa = PBXFileReference; lastKnownFileType = sourcecode.swift; path = AuthViewController.swift; sourceTree = "<group>"; };
		167567762224E8CC006A0448 /* .gitignore */ = {isa = PBXFileReference; fileEncoding = 4; lastKnownFileType = text; name = .gitignore; path = "../../Downloads/fastlane 2/.gitignore"; sourceTree = "<group>"; };
		167567772224E8CC006A0448 /* Fastfile */ = {isa = PBXFileReference; fileEncoding = 4; lastKnownFileType = text; path = Fastfile; sourceTree = "<group>"; };
		167567782224E8CC006A0448 /* Appfile */ = {isa = PBXFileReference; fileEncoding = 4; lastKnownFileType = text; path = Appfile; sourceTree = "<group>"; };
		167812B8222F32C900BD1DCB /* FBEvent.swift */ = {isa = PBXFileReference; lastKnownFileType = sourcecode.swift; path = FBEvent.swift; sourceTree = "<group>"; };
		167CE3032201292B00E1B470 /* LivePhillyiOS.app */ = {isa = PBXFileReference; explicitFileType = wrapper.application; includeInIndex = 0; path = LivePhillyiOS.app; sourceTree = BUILT_PRODUCTS_DIR; };
		167CE3062201292B00E1B470 /* AppDelegate.swift */ = {isa = PBXFileReference; lastKnownFileType = sourcecode.swift; path = AppDelegate.swift; sourceTree = "<group>"; };
		167CE3082201292B00E1B470 /* ViewController.swift */ = {isa = PBXFileReference; lastKnownFileType = sourcecode.swift; path = ViewController.swift; sourceTree = "<group>"; };
		167CE30B2201292B00E1B470 /* Base */ = {isa = PBXFileReference; lastKnownFileType = file.storyboard; name = Base; path = Base.lproj/Main.storyboard; sourceTree = "<group>"; };
		167CE30D2201292D00E1B470 /* Assets.xcassets */ = {isa = PBXFileReference; lastKnownFileType = folder.assetcatalog; path = Assets.xcassets; sourceTree = "<group>"; };
		167CE3102201292D00E1B470 /* Base */ = {isa = PBXFileReference; lastKnownFileType = file.storyboard; name = Base; path = Base.lproj/LaunchScreen.storyboard; sourceTree = "<group>"; };
		167CE3122201292D00E1B470 /* Info.plist */ = {isa = PBXFileReference; lastKnownFileType = text.plist.xml; path = Info.plist; sourceTree = "<group>"; };
		167CE31A2201320900E1B470 /* WelcomeViewController.swift */ = {isa = PBXFileReference; lastKnownFileType = sourcecode.swift; path = WelcomeViewController.swift; sourceTree = "<group>"; };
		167CE31C2201324100E1B470 /* LoginViewController.swift */ = {isa = PBXFileReference; lastKnownFileType = sourcecode.swift; path = LoginViewController.swift; sourceTree = "<group>"; };
		167CE31E2201328000E1B470 /* RegisterViewController.swift */ = {isa = PBXFileReference; lastKnownFileType = sourcecode.swift; path = RegisterViewController.swift; sourceTree = "<group>"; };
		167CE320220135B900E1B470 /* GoogleService-Info.plist */ = {isa = PBXFileReference; fileEncoding = 4; lastKnownFileType = text.plist.xml; path = "GoogleService-Info.plist"; sourceTree = "<group>"; };
		167CE328220638F700E1B470 /* ExploreViewController.swift */ = {isa = PBXFileReference; fileEncoding = 4; lastKnownFileType = sourcecode.swift; path = ExploreViewController.swift; sourceTree = "<group>"; };
		167CE32A220640B900E1B470 /* DefaultKeys.swift */ = {isa = PBXFileReference; lastKnownFileType = sourcecode.swift; path = DefaultKeys.swift; sourceTree = "<group>"; };
		167CE32C22076B6600E1B470 /* ExploreTableViewCell.swift */ = {isa = PBXFileReference; lastKnownFileType = sourcecode.swift; path = ExploreTableViewCell.swift; sourceTree = "<group>"; };
		167CE32D22076B6600E1B470 /* ExploreTableViewCell.xib */ = {isa = PBXFileReference; lastKnownFileType = file.xib; path = ExploreTableViewCell.xib; sourceTree = "<group>"; };
		167CE33122077D7B00E1B470 /* Venue.swift */ = {isa = PBXFileReference; lastKnownFileType = sourcecode.swift; path = Venue.swift; sourceTree = "<group>"; };
		1695A04622336BEC00418E5C /* EventDetailViewController.swift */ = {isa = PBXFileReference; lastKnownFileType = sourcecode.swift; path = EventDetailViewController.swift; sourceTree = "<group>"; };
		1695A04A223401CF00418E5C /* filterIcon.png */ = {isa = PBXFileReference; lastKnownFileType = image.png; name = filterIcon.png; path = /Users/jeffcunningham/iOSProjects/LivePhillyiOS/LivePhillyiOS/filterIcon.png; sourceTree = "<absolute>"; };
		1695A04B2235842E00418E5C /* filterIcon_barButton.png */ = {isa = PBXFileReference; lastKnownFileType = image.png; path = filterIcon_barButton.png; sourceTree = "<group>"; };
		16AFBB45221854AF00FE9CD0 /* livePhillyLogo.png */ = {isa = PBXFileReference; lastKnownFileType = image.png; path = livePhillyLogo.png; sourceTree = "<group>"; };
		16AFBB49221B06AA00FE9CD0 /* EventListViewController.swift */ = {isa = PBXFileReference; lastKnownFileType = sourcecode.swift; path = EventListViewController.swift; sourceTree = "<group>"; };
		16AFBB4B221B0B0200FE9CD0 /* EventTableViewCell.swift */ = {isa = PBXFileReference; lastKnownFileType = sourcecode.swift; path = EventTableViewCell.swift; sourceTree = "<group>"; };
		16AFBB4C221B0B0200FE9CD0 /* EventTableViewCell.xib */ = {isa = PBXFileReference; lastKnownFileType = file.xib; path = EventTableViewCell.xib; sourceTree = "<group>"; };
		7EC406BC20996F46DE9F3CB5 /* Pods-LivePhillyiOS.release.xcconfig */ = {isa = PBXFileReference; includeInIndex = 1; lastKnownFileType = text.xcconfig; name = "Pods-LivePhillyiOS.release.xcconfig"; path = "Pods/Target Support Files/Pods-LivePhillyiOS/Pods-LivePhillyiOS.release.xcconfig"; sourceTree = "<group>"; };
		812C678D352E863832B3EFF5 /* Pods-LivePhillyiOS.debug.xcconfig */ = {isa = PBXFileReference; includeInIndex = 1; lastKnownFileType = text.xcconfig; name = "Pods-LivePhillyiOS.debug.xcconfig"; path = "Pods/Target Support Files/Pods-LivePhillyiOS/Pods-LivePhillyiOS.debug.xcconfig"; sourceTree = "<group>"; };
/* End PBXFileReference section */

/* Begin PBXFrameworksBuildPhase section */
		167CE3002201292B00E1B470 /* Frameworks */ = {
			isa = PBXFrameworksBuildPhase;
			buildActionMask = 2147483647;
			files = (
				91C351218103518F883F4EB1 /* Pods_LivePhillyiOS.framework in Frameworks */,
			);
			runOnlyForDeploymentPostprocessing = 0;
		};
/* End PBXFrameworksBuildPhase section */

/* Begin PBXGroup section */
		1675677E2224EB30006A0448 /* fastlane */ = {
			isa = PBXGroup;
			children = (
				167567782224E8CC006A0448 /* Appfile */,
				167567772224E8CC006A0448 /* Fastfile */,
			);
			path = fastlane;
			sourceTree = "<group>";
		};
		167CE2FA2201292B00E1B470 = {
			isa = PBXGroup;
			children = (
				1675677E2224EB30006A0448 /* fastlane */,
				167567762224E8CC006A0448 /* .gitignore */,
				167CE3052201292B00E1B470 /* LivePhillyiOS */,
				167CE3042201292B00E1B470 /* Products */,
				C588E932E43D98BC7DFEB0E3 /* Pods */,
				E15EE10E03A4E4026AAA376E /* Frameworks */,
			);
			sourceTree = "<group>";
		};
		167CE3042201292B00E1B470 /* Products */ = {
			isa = PBXGroup;
			children = (
				167CE3032201292B00E1B470 /* LivePhillyiOS.app */,
			);
			name = Products;
			sourceTree = "<group>";
		};
		167CE3052201292B00E1B470 /* LivePhillyiOS */ = {
			isa = PBXGroup;
			children = (
				167CE33022077D4A00E1B470 /* Model */,
				167CE319220131B300E1B470 /* Controller */,
				167CE3182201295100E1B470 /* View */,
				167CE3062201292B00E1B470 /* AppDelegate.swift */,
				167CE3082201292B00E1B470 /* ViewController.swift */,
				167CE320220135B900E1B470 /* GoogleService-Info.plist */,
				167CE30D2201292D00E1B470 /* Assets.xcassets */,
				1695A04B2235842E00418E5C /* filterIcon_barButton.png */,
				1695A04A223401CF00418E5C /* filterIcon.png */,
				16477A2022218BCF00CB1087 /* parkwayLogoDark.png */,
				16AFBB45221854AF00FE9CD0 /* livePhillyLogo.png */,
				167CE30F2201292D00E1B470 /* LaunchScreen.storyboard */,
				167CE3122201292D00E1B470 /* Info.plist */,
				167CE32A220640B900E1B470 /* DefaultKeys.swift */,
			);
			path = LivePhillyiOS;
			sourceTree = "<group>";
		};
		167CE3182201295100E1B470 /* View */ = {
			isa = PBXGroup;
			children = (
				167CE30A2201292B00E1B470 /* Main.storyboard */,
				167CE32C22076B6600E1B470 /* ExploreTableViewCell.swift */,
				167CE32D22076B6600E1B470 /* ExploreTableViewCell.xib */,
				16AFBB4B221B0B0200FE9CD0 /* EventTableViewCell.swift */,
				16AFBB4C221B0B0200FE9CD0 /* EventTableViewCell.xib */,
			);
			path = View;
			sourceTree = "<group>";
		};
		167CE319220131B300E1B470 /* Controller */ = {
			isa = PBXGroup;
			children = (
				167CE31A2201320900E1B470 /* WelcomeViewController.swift */,
				167CE31C2201324100E1B470 /* LoginViewController.swift */,
				167CE31E2201328000E1B470 /* RegisterViewController.swift */,
				167CE328220638F700E1B470 /* ExploreViewController.swift */,
				16AFBB49221B06AA00FE9CD0 /* EventListViewController.swift */,
				16477A2422232D3E00CB1087 /* AuthViewController.swift */,
				1695A04622336BEC00418E5C /* EventDetailViewController.swift */,
			);
			path = Controller;
			sourceTree = "<group>";
		};
		167CE33022077D4A00E1B470 /* Model */ = {
			isa = PBXGroup;
			children = (
				167CE33122077D7B00E1B470 /* Venue.swift */,
				167812B8222F32C900BD1DCB /* FBEvent.swift */,
			);
			path = Model;
			sourceTree = "<group>";
		};
		C588E932E43D98BC7DFEB0E3 /* Pods */ = {
			isa = PBXGroup;
			children = (
				812C678D352E863832B3EFF5 /* Pods-LivePhillyiOS.debug.xcconfig */,
				7EC406BC20996F46DE9F3CB5 /* Pods-LivePhillyiOS.release.xcconfig */,
			);
			name = Pods;
			sourceTree = "<group>";
		};
		E15EE10E03A4E4026AAA376E /* Frameworks */ = {
			isa = PBXGroup;
			children = (
				107E28F08C3E534A13B5C148 /* Pods_LivePhillyiOS.framework */,
			);
			name = Frameworks;
			sourceTree = "<group>";
		};
/* End PBXGroup section */

/* Begin PBXNativeTarget section */
		167CE3022201292B00E1B470 /* LivePhillyiOS */ = {
			isa = PBXNativeTarget;
			buildConfigurationList = 167CE3152201292D00E1B470 /* Build configuration list for PBXNativeTarget "LivePhillyiOS" */;
			buildPhases = (
				26F055DAF49F88AD9A9E3051 /* [CP] Check Pods Manifest.lock */,
				167CE2FF2201292B00E1B470 /* Sources */,
				167CE3002201292B00E1B470 /* Frameworks */,
				167CE3012201292B00E1B470 /* Resources */,
				B5EF8E12B0EF27084EA9139C /* [CP] Embed Pods Frameworks */,
				16477A222221D7B200CB1087 /* ShellScript */,
			);
			buildRules = (
			);
			dependencies = (
			);
			name = LivePhillyiOS;
			productName = LivePhillyiOS;
			productReference = 167CE3032201292B00E1B470 /* LivePhillyiOS.app */;
			productType = "com.apple.product-type.application";
		};
/* End PBXNativeTarget section */

/* Begin PBXProject section */
		167CE2FB2201292B00E1B470 /* Project object */ = {
			isa = PBXProject;
			attributes = {
				LastSwiftUpdateCheck = 1010;
				LastUpgradeCheck = 1010;
				ORGANIZATIONNAME = "Jeff Cunningham";
				TargetAttributes = {
					167CE3022201292B00E1B470 = {
						CreatedOnToolsVersion = 10.1;
					};
				};
			};
			buildConfigurationList = 167CE2FE2201292B00E1B470 /* Build configuration list for PBXProject "LivePhillyiOS" */;
			compatibilityVersion = "Xcode 9.3";
			developmentRegion = en;
			hasScannedForEncodings = 0;
			knownRegions = (
				en,
				Base,
			);
			mainGroup = 167CE2FA2201292B00E1B470;
			productRefGroup = 167CE3042201292B00E1B470 /* Products */;
			projectDirPath = "";
			projectRoot = "";
			targets = (
				167CE3022201292B00E1B470 /* LivePhillyiOS */,
			);
		};
/* End PBXProject section */

/* Begin PBXResourcesBuildPhase section */
		167CE3012201292B00E1B470 /* Resources */ = {
			isa = PBXResourcesBuildPhase;
			buildActionMask = 2147483647;
			files = (
				1675677C2224E8E1006A0448 /* Appfile in Resources */,
				1675677A2224E8E1006A0448 /* .gitignore in Resources */,
				1695A04C2235842E00418E5C /* filterIcon_barButton.png in Resources */,
				1675677B2224E8E1006A0448 /* Fastfile in Resources */,
				16AFBB46221854AF00FE9CD0 /* livePhillyLogo.png in Resources */,
				167CE3112201292D00E1B470 /* LaunchScreen.storyboard in Resources */,
				167CE321220135B900E1B470 /* GoogleService-Info.plist in Resources */,
				167CE30E2201292D00E1B470 /* Assets.xcassets in Resources */,
				167CE32F22076B6600E1B470 /* ExploreTableViewCell.xib in Resources */,
				16AFBB4E221B0B0200FE9CD0 /* EventTableViewCell.xib in Resources */,
				16477A2122218BCF00CB1087 /* parkwayLogoDark.png in Resources */,
				167CE30C2201292B00E1B470 /* Main.storyboard in Resources */,
			);
			runOnlyForDeploymentPostprocessing = 0;
		};
/* End PBXResourcesBuildPhase section */

/* Begin PBXShellScriptBuildPhase section */
		16477A222221D7B200CB1087 /* ShellScript */ = {
			isa = PBXShellScriptBuildPhase;
			buildActionMask = 2147483647;
			files = (
			);
			inputFileListPaths = (
			);
			inputPaths = (
				"$(BUILT_PRODUCTS_DIR)/$(INFOPLIST_PATH)",
			);
			outputFileListPaths = (
			);
			outputPaths = (
			);
			runOnlyForDeploymentPostprocessing = 0;
			shellPath = /bin/sh;
			shellScript = "\"${PODS_ROOT}/Fabric/run\" 4a50f82908491f822b89af419e412c6f77887924 06b0933e9bcc3c8d020caf127fd0053e8bb55143b34caa26187c7fcb828d8cd8\n";
		};
		26F055DAF49F88AD9A9E3051 /* [CP] Check Pods Manifest.lock */ = {
			isa = PBXShellScriptBuildPhase;
			buildActionMask = 2147483647;
			files = (
			);
			inputFileListPaths = (
			);
			inputPaths = (
				"${PODS_PODFILE_DIR_PATH}/Podfile.lock",
				"${PODS_ROOT}/Manifest.lock",
			);
			name = "[CP] Check Pods Manifest.lock";
			outputFileListPaths = (
			);
			outputPaths = (
				"$(DERIVED_FILE_DIR)/Pods-LivePhillyiOS-checkManifestLockResult.txt",
			);
			runOnlyForDeploymentPostprocessing = 0;
			shellPath = /bin/sh;
			shellScript = "diff \"${PODS_PODFILE_DIR_PATH}/Podfile.lock\" \"${PODS_ROOT}/Manifest.lock\" > /dev/null\nif [ $? != 0 ] ; then\n    # print error to STDERR\n    echo \"error: The sandbox is not in sync with the Podfile.lock. Run 'pod install' or update your CocoaPods installation.\" >&2\n    exit 1\nfi\n# This output is used by Xcode 'outputs' to avoid re-running this script phase.\necho \"SUCCESS\" > \"${SCRIPT_OUTPUT_FILE_0}\"\n";
			showEnvVarsInLog = 0;
		};
		B5EF8E12B0EF27084EA9139C /* [CP] Embed Pods Frameworks */ = {
			isa = PBXShellScriptBuildPhase;
			buildActionMask = 2147483647;
			files = (
			);
			inputFileListPaths = (
			);
			inputPaths = (
				"${SRCROOT}/Pods/Target Support Files/Pods-LivePhillyiOS/Pods-LivePhillyiOS-frameworks.sh",
				"${BUILT_PRODUCTS_DIR}/Alamofire/Alamofire.framework",
				"${BUILT_PRODUCTS_DIR}/BoringSSL-GRPC/openssl_grpc.framework",
				"${BUILT_PRODUCTS_DIR}/GTMSessionFetcher/GTMSessionFetcher.framework",
				"${BUILT_PRODUCTS_DIR}/GoogleUtilities/GoogleUtilities.framework",
				"${BUILT_PRODUCTS_DIR}/Kingfisher/Kingfisher.framework",
				"${BUILT_PRODUCTS_DIR}/PKHUD/PKHUD.framework",
				"${BUILT_PRODUCTS_DIR}/Protobuf/Protobuf.framework",
				"${BUILT_PRODUCTS_DIR}/SkyFloatingLabelTextField/SkyFloatingLabelTextField.framework",
				"${BUILT_PRODUCTS_DIR}/SwiftyJSON/SwiftyJSON.framework",
				"${BUILT_PRODUCTS_DIR}/gRPC-C++/grpcpp.framework",
				"${BUILT_PRODUCTS_DIR}/gRPC-Core/grpc.framework",
				"${BUILT_PRODUCTS_DIR}/leveldb-library/leveldb.framework",
				"${BUILT_PRODUCTS_DIR}/nanopb/nanopb.framework",
			);
			name = "[CP] Embed Pods Frameworks";
			outputFileListPaths = (
			);
			outputPaths = (
				"${TARGET_BUILD_DIR}/${FRAMEWORKS_FOLDER_PATH}/Alamofire.framework",
				"${TARGET_BUILD_DIR}/${FRAMEWORKS_FOLDER_PATH}/openssl_grpc.framework",
				"${TARGET_BUILD_DIR}/${FRAMEWORKS_FOLDER_PATH}/GTMSessionFetcher.framework",
				"${TARGET_BUILD_DIR}/${FRAMEWORKS_FOLDER_PATH}/GoogleUtilities.framework",
				"${TARGET_BUILD_DIR}/${FRAMEWORKS_FOLDER_PATH}/Kingfisher.framework",
				"${TARGET_BUILD_DIR}/${FRAMEWORKS_FOLDER_PATH}/PKHUD.framework",
				"${TARGET_BUILD_DIR}/${FRAMEWORKS_FOLDER_PATH}/Protobuf.framework",
				"${TARGET_BUILD_DIR}/${FRAMEWORKS_FOLDER_PATH}/SkyFloatingLabelTextField.framework",
				"${TARGET_BUILD_DIR}/${FRAMEWORKS_FOLDER_PATH}/SwiftyJSON.framework",
				"${TARGET_BUILD_DIR}/${FRAMEWORKS_FOLDER_PATH}/grpcpp.framework",
				"${TARGET_BUILD_DIR}/${FRAMEWORKS_FOLDER_PATH}/grpc.framework",
				"${TARGET_BUILD_DIR}/${FRAMEWORKS_FOLDER_PATH}/leveldb.framework",
				"${TARGET_BUILD_DIR}/${FRAMEWORKS_FOLDER_PATH}/nanopb.framework",
			);
			runOnlyForDeploymentPostprocessing = 0;
			shellPath = /bin/sh;
			shellScript = "\"${SRCROOT}/Pods/Target Support Files/Pods-LivePhillyiOS/Pods-LivePhillyiOS-frameworks.sh\"\n";
			showEnvVarsInLog = 0;
		};
/* End PBXShellScriptBuildPhase section */

/* Begin PBXSourcesBuildPhase section */
		167CE2FF2201292B00E1B470 /* Sources */ = {
			isa = PBXSourcesBuildPhase;
			buildActionMask = 2147483647;
			files = (
				16AFBB4D221B0B0200FE9CD0 /* EventTableViewCell.swift in Sources */,
				167CE31D2201324100E1B470 /* LoginViewController.swift in Sources */,
				16AFBB4A221B06AA00FE9CD0 /* EventListViewController.swift in Sources */,
				167CE33222077D7B00E1B470 /* Venue.swift in Sources */,
				167CE31F2201328000E1B470 /* RegisterViewController.swift in Sources */,
				167CE32E22076B6600E1B470 /* ExploreTableViewCell.swift in Sources */,
				167CE31B2201320900E1B470 /* WelcomeViewController.swift in Sources */,
				167CE329220638F700E1B470 /* ExploreViewController.swift in Sources */,
				167812B9222F32C900BD1DCB /* FBEvent.swift in Sources */,
				16477A2522232D3E00CB1087 /* AuthViewController.swift in Sources */,
				167CE32B220640B900E1B470 /* DefaultKeys.swift in Sources */,
				167CE3092201292B00E1B470 /* ViewController.swift in Sources */,
				1695A04722336BEC00418E5C /* EventDetailViewController.swift in Sources */,
				167CE3072201292B00E1B470 /* AppDelegate.swift in Sources */,
			);
			runOnlyForDeploymentPostprocessing = 0;
		};
/* End PBXSourcesBuildPhase section */

/* Begin PBXVariantGroup section */
		167CE30A2201292B00E1B470 /* Main.storyboard */ = {
			isa = PBXVariantGroup;
			children = (
				167CE30B2201292B00E1B470 /* Base */,
			);
			name = Main.storyboard;
			sourceTree = "<group>";
		};
		167CE30F2201292D00E1B470 /* LaunchScreen.storyboard */ = {
			isa = PBXVariantGroup;
			children = (
				167CE3102201292D00E1B470 /* Base */,
			);
			name = LaunchScreen.storyboard;
			sourceTree = "<group>";
		};
/* End PBXVariantGroup section */

/* Begin XCBuildConfiguration section */
		167CE3132201292D00E1B470 /* Debug */ = {
			isa = XCBuildConfiguration;
			buildSettings = {
				ALWAYS_SEARCH_USER_PATHS = NO;
				CLANG_ANALYZER_NONNULL = YES;
				CLANG_ANALYZER_NUMBER_OBJECT_CONVERSION = YES_AGGRESSIVE;
				CLANG_CXX_LANGUAGE_STANDARD = "gnu++14";
				CLANG_CXX_LIBRARY = "libc++";
				CLANG_ENABLE_MODULES = YES;
				CLANG_ENABLE_OBJC_ARC = YES;
				CLANG_ENABLE_OBJC_WEAK = YES;
				CLANG_WARN_BLOCK_CAPTURE_AUTORELEASING = YES;
				CLANG_WARN_BOOL_CONVERSION = YES;
				CLANG_WARN_COMMA = YES;
				CLANG_WARN_CONSTANT_CONVERSION = YES;
				CLANG_WARN_DEPRECATED_OBJC_IMPLEMENTATIONS = YES;
				CLANG_WARN_DIRECT_OBJC_ISA_USAGE = YES_ERROR;
				CLANG_WARN_DOCUMENTATION_COMMENTS = YES;
				CLANG_WARN_EMPTY_BODY = YES;
				CLANG_WARN_ENUM_CONVERSION = YES;
				CLANG_WARN_INFINITE_RECURSION = YES;
				CLANG_WARN_INT_CONVERSION = YES;
				CLANG_WARN_NON_LITERAL_NULL_CONVERSION = YES;
				CLANG_WARN_OBJC_IMPLICIT_RETAIN_SELF = YES;
				CLANG_WARN_OBJC_LITERAL_CONVERSION = YES;
				CLANG_WARN_OBJC_ROOT_CLASS = YES_ERROR;
				CLANG_WARN_RANGE_LOOP_ANALYSIS = YES;
				CLANG_WARN_STRICT_PROTOTYPES = YES;
				CLANG_WARN_SUSPICIOUS_MOVE = YES;
				CLANG_WARN_UNGUARDED_AVAILABILITY = YES_AGGRESSIVE;
				CLANG_WARN_UNREACHABLE_CODE = YES;
				CLANG_WARN__DUPLICATE_METHOD_MATCH = YES;
				CODE_SIGN_IDENTITY = "iPhone Developer";
				COPY_PHASE_STRIP = NO;
				DEBUG_INFORMATION_FORMAT = dwarf;
				ENABLE_STRICT_OBJC_MSGSEND = YES;
				ENABLE_TESTABILITY = YES;
				GCC_C_LANGUAGE_STANDARD = gnu11;
				GCC_DYNAMIC_NO_PIC = NO;
				GCC_NO_COMMON_BLOCKS = YES;
				GCC_OPTIMIZATION_LEVEL = 0;
				GCC_PREPROCESSOR_DEFINITIONS = (
					"DEBUG=1",
					"$(inherited)",
				);
				GCC_WARN_64_TO_32_BIT_CONVERSION = YES;
				GCC_WARN_ABOUT_RETURN_TYPE = YES_ERROR;
				GCC_WARN_UNDECLARED_SELECTOR = YES;
				GCC_WARN_UNINITIALIZED_AUTOS = YES_AGGRESSIVE;
				GCC_WARN_UNUSED_FUNCTION = YES;
				GCC_WARN_UNUSED_VARIABLE = YES;
				IPHONEOS_DEPLOYMENT_TARGET = 10.3;
				MTL_ENABLE_DEBUG_INFO = INCLUDE_SOURCE;
				MTL_FAST_MATH = YES;
				ONLY_ACTIVE_ARCH = YES;
				SDKROOT = iphoneos;
				SWIFT_ACTIVE_COMPILATION_CONDITIONS = DEBUG;
				SWIFT_OPTIMIZATION_LEVEL = "-Onone";
			};
			name = Debug;
		};
		167CE3142201292D00E1B470 /* Release */ = {
			isa = XCBuildConfiguration;
			buildSettings = {
				ALWAYS_SEARCH_USER_PATHS = NO;
				CLANG_ANALYZER_NONNULL = YES;
				CLANG_ANALYZER_NUMBER_OBJECT_CONVERSION = YES_AGGRESSIVE;
				CLANG_CXX_LANGUAGE_STANDARD = "gnu++14";
				CLANG_CXX_LIBRARY = "libc++";
				CLANG_ENABLE_MODULES = YES;
				CLANG_ENABLE_OBJC_ARC = YES;
				CLANG_ENABLE_OBJC_WEAK = YES;
				CLANG_WARN_BLOCK_CAPTURE_AUTORELEASING = YES;
				CLANG_WARN_BOOL_CONVERSION = YES;
				CLANG_WARN_COMMA = YES;
				CLANG_WARN_CONSTANT_CONVERSION = YES;
				CLANG_WARN_DEPRECATED_OBJC_IMPLEMENTATIONS = YES;
				CLANG_WARN_DIRECT_OBJC_ISA_USAGE = YES_ERROR;
				CLANG_WARN_DOCUMENTATION_COMMENTS = YES;
				CLANG_WARN_EMPTY_BODY = YES;
				CLANG_WARN_ENUM_CONVERSION = YES;
				CLANG_WARN_INFINITE_RECURSION = YES;
				CLANG_WARN_INT_CONVERSION = YES;
				CLANG_WARN_NON_LITERAL_NULL_CONVERSION = YES;
				CLANG_WARN_OBJC_IMPLICIT_RETAIN_SELF = YES;
				CLANG_WARN_OBJC_LITERAL_CONVERSION = YES;
				CLANG_WARN_OBJC_ROOT_CLASS = YES_ERROR;
				CLANG_WARN_RANGE_LOOP_ANALYSIS = YES;
				CLANG_WARN_STRICT_PROTOTYPES = YES;
				CLANG_WARN_SUSPICIOUS_MOVE = YES;
				CLANG_WARN_UNGUARDED_AVAILABILITY = YES_AGGRESSIVE;
				CLANG_WARN_UNREACHABLE_CODE = YES;
				CLANG_WARN__DUPLICATE_METHOD_MATCH = YES;
				CODE_SIGN_IDENTITY = "iPhone Developer";
				COPY_PHASE_STRIP = NO;
				DEBUG_INFORMATION_FORMAT = "dwarf-with-dsym";
				ENABLE_NS_ASSERTIONS = NO;
				ENABLE_STRICT_OBJC_MSGSEND = YES;
				GCC_C_LANGUAGE_STANDARD = gnu11;
				GCC_NO_COMMON_BLOCKS = YES;
				GCC_WARN_64_TO_32_BIT_CONVERSION = YES;
				GCC_WARN_ABOUT_RETURN_TYPE = YES_ERROR;
				GCC_WARN_UNDECLARED_SELECTOR = YES;
				GCC_WARN_UNINITIALIZED_AUTOS = YES_AGGRESSIVE;
				GCC_WARN_UNUSED_FUNCTION = YES;
				GCC_WARN_UNUSED_VARIABLE = YES;
				IPHONEOS_DEPLOYMENT_TARGET = 10.3;
				MTL_ENABLE_DEBUG_INFO = NO;
				MTL_FAST_MATH = YES;
				SDKROOT = iphoneos;
				SWIFT_COMPILATION_MODE = wholemodule;
				SWIFT_OPTIMIZATION_LEVEL = "-O";
				VALIDATE_PRODUCT = YES;
			};
			name = Release;
		};
		167CE3162201292D00E1B470 /* Debug */ = {
			isa = XCBuildConfiguration;
			baseConfigurationReference = 812C678D352E863832B3EFF5 /* Pods-LivePhillyiOS.debug.xcconfig */;
			buildSettings = {
				ASSETCATALOG_COMPILER_APPICON_NAME = AppIcon;
				CODE_SIGN_IDENTITY = "iPhone Developer";
				CODE_SIGN_STYLE = Automatic;
				DEVELOPMENT_TEAM = 6DQ84DL6A4;
				INFOPLIST_FILE = LivePhillyiOS/Info.plist;
				IPHONEOS_DEPLOYMENT_TARGET = 12.1;
				LD_RUNPATH_SEARCH_PATHS = (
					"$(inherited)",
					"@executable_path/Frameworks",
				);
				PRODUCT_BUNDLE_IDENTIFIER = com.jcunningham.LivePhillyiOS;
				PRODUCT_NAME = "$(TARGET_NAME)";
				PROVISIONING_PROFILE_SPECIFIER = "";
				SWIFT_VERSION = 4.2;
				TARGETED_DEVICE_FAMILY = 1;
			};
			name = Debug;
		};
		167CE3172201292D00E1B470 /* Release */ = {
			isa = XCBuildConfiguration;
			baseConfigurationReference = 7EC406BC20996F46DE9F3CB5 /* Pods-LivePhillyiOS.release.xcconfig */;
			buildSettings = {
				ASSETCATALOG_COMPILER_APPICON_NAME = AppIcon;
				CODE_SIGN_IDENTITY = "iPhone Developer";
				CODE_SIGN_STYLE = Automatic;
				DEVELOPMENT_TEAM = 6DQ84DL6A4;
				INFOPLIST_FILE = LivePhillyiOS/Info.plist;
				IPHONEOS_DEPLOYMENT_TARGET = 12.1;
				LD_RUNPATH_SEARCH_PATHS = (
					"$(inherited)",
					"@executable_path/Frameworks",
				);
				PRODUCT_BUNDLE_IDENTIFIER = com.jcunningham.LivePhillyiOS;
				PRODUCT_NAME = "$(TARGET_NAME)";
				PROVISIONING_PROFILE_SPECIFIER = "";
				SWIFT_VERSION = 4.2;
				TARGETED_DEVICE_FAMILY = 1;
			};
			name = Release;
		};
/* End XCBuildConfiguration section */

/* Begin XCConfigurationList section */
		167CE2FE2201292B00E1B470 /* Build configuration list for PBXProject "LivePhillyiOS" */ = {
			isa = XCConfigurationList;
			buildConfigurations = (
				167CE3132201292D00E1B470 /* Debug */,
				167CE3142201292D00E1B470 /* Release */,
			);
			defaultConfigurationIsVisible = 0;
			defaultConfigurationName = Debug;
		};
		167CE3152201292D00E1B470 /* Build configuration list for PBXNativeTarget "LivePhillyiOS" */ = {
			isa = XCConfigurationList;
			buildConfigurations = (
				167CE3162201292D00E1B470 /* Debug */,
				167CE3172201292D00E1B470 /* Release */,
			);
			defaultConfigurationIsVisible = 0;
			defaultConfigurationName = Debug;
		};
/* End XCConfigurationList section */
	};
	rootObject = 167CE2FB2201292B00E1B470 /* Project object */;
}
